
Microsoft Visual Studio Solution File, Format Version 12.00
# Visual Studio Version 17
VisualStudioVersion = 17.1.32228.430
MinimumVisualStudioVersion = 10.0.40219.1
Project("{F184B08F-C81C-45F6-A57F-5ABD9991F28F}") = "Veterinaria", "Veterinaria\Veterinaria.vbproj", "{AB4529D0-D231-4339-9B8E-8FE1E5BC501E}"
EndProject
Global
	GlobalSection(SolutionConfigurationPlatforms) = preSolution
		Debug|Any CPU = Debug|Any CPU
		Release|Any CPU = Release|Any CPU
	EndGlobalSection
	GlobalSection(ProjectConfigurationPlatforms) = postSolution
		{AB4529D0-D231-4339-9B8E-8FE1E5BC501E}.Debug|Any CPU.ActiveCfg = Debug|Any CPU
		{AB4529D0-D231-4339-9B8E-8FE1E5BC501E}.Debug|Any CPU.Build.0 = Debug|Any CPU
		{AB4529D0-D231-4339-9B8E-8FE1E5BC501E}.Release|Any CPU.ActiveCfg = Release|Any CPU
		{AB4529D0-D231-4339-9B8E-8FE1E5BC501E}.Release|Any CPU.Build.0 = Release|Any CPU
	EndGlobalSection
	GlobalSection(SolutionProperties) = preSolution
		HideSolutionNode = FALSE
	EndGlobalSection
	GlobalSection(ExtensibilityGlobals) = postSolution
		SolutionGuid = {C62DD707-4C11-414F-99A6-3777F785FB5C}
	EndGlobalSection
EndGlobal
